
Microsoft Visual Studio Solution File, Format Version 12.00
# Visual Studio Version 16
VisualStudioVersion = 16.0.32106.194
MinimumVisualStudioVersion = 10.0.40219.1
Project("{FAE04EC0-301F-11D3-BF4B-00C04F79EFBC}") = "WsServicioCliente.Entidades", "WsServicioCliente.Entidades\WsServicioCliente.Entidades.csproj", "{371D0200-0634-4A32-9159-B6BA68E3F435}"
EndProject
Project("{FAE04EC0-301F-11D3-BF4B-00C04F79EFBC}") = "WsServicioCliente.Datos", "WsServicioCliente.Datos\WsServicioCliente.Datos.csproj", "{75B33FFF-7B42-4902-862B-70076526A4F2}"
EndProject
Project("{FAE04EC0-301F-11D3-BF4B-00C04F79EFBC}") = "WsServicioCliente.Web", "WsServicioCliente.Web\WsServicioCliente.Web.csproj", "{5DA947D4-021C-4430-95A4-EF42FB76D473}"
EndProject
Global
	GlobalSection(SolutionConfigurationPlatforms) = preSolution
		Debug|Any CPU = Debug|Any CPU
		Release|Any CPU = Release|Any CPU
	EndGlobalSection
	GlobalSection(ProjectConfigurationPlatforms) = postSolution
		{371D0200-0634-4A32-9159-B6BA68E3F435}.Debug|Any CPU.ActiveCfg = Debug|Any CPU
		{371D0200-0634-4A32-9159-B6BA68E3F435}.Debug|Any CPU.Build.0 = Debug|Any CPU
		{371D0200-0634-4A32-9159-B6BA68E3F435}.Release|Any CPU.ActiveCfg = Release|Any CPU
		{371D0200-0634-4A32-9159-B6BA68E3F435}.Release|Any CPU.Build.0 = Release|Any CPU
		{75B33FFF-7B42-4902-862B-70076526A4F2}.Debug|Any CPU.ActiveCfg = Debug|Any CPU
		{75B33FFF-7B42-4902-862B-70076526A4F2}.Debug|Any CPU.Build.0 = Debug|Any CPU
		{75B33FFF-7B42-4902-862B-70076526A4F2}.Release|Any CPU.ActiveCfg = Release|Any CPU
		{75B33FFF-7B42-4902-862B-70076526A4F2}.Release|Any CPU.Build.0 = Release|Any CPU
		{5DA947D4-021C-4430-95A4-EF42FB76D473}.Debug|Any CPU.ActiveCfg = Debug|Any CPU
		{5DA947D4-021C-4430-95A4-EF42FB76D473}.Debug|Any CPU.Build.0 = Debug|Any CPU
		{5DA947D4-021C-4430-95A4-EF42FB76D473}.Release|Any CPU.ActiveCfg = Release|Any CPU
		{5DA947D4-021C-4430-95A4-EF42FB76D473}.Release|Any CPU.Build.0 = Release|Any CPU
	EndGlobalSection
	GlobalSection(SolutionProperties) = preSolution
		HideSolutionNode = FALSE
	EndGlobalSection
	GlobalSection(ExtensibilityGlobals) = postSolution
		SolutionGuid = {14160D2A-AF99-49D5-B5FC-778DC07EE98C}
	EndGlobalSection
EndGlobal
